
Microsoft Visual Studio Solution File, Format Version 12.00
# Visual Studio Version 16
VisualStudioVersion = 16.0.31702.278
MinimumVisualStudioVersion = 10.0.40219.1
Project("{FAE04EC0-301F-11D3-BF4B-00C04F79EFBC}") = "APIDemo", "APIDemo\APIDemo.csproj", "{269F438E-3EEC-4442-AC8F-C6FB3A40144C}"
EndProject
Project("{FAE04EC0-301F-11D3-BF4B-00C04F79EFBC}") = "APITests", "APITests\APITests.csproj", "{E3A3F5A1-EF0D-41E0-868A-EA9636972E00}"
EndProject
Global
	GlobalSection(SolutionConfigurationPlatforms) = preSolution
		Debug|Any CPU = Debug|Any CPU
		Release|Any CPU = Release|Any CPU
	EndGlobalSection
	GlobalSection(ProjectConfigurationPlatforms) = postSolution
		{269F438E-3EEC-4442-AC8F-C6FB3A40144C}.Debug|Any CPU.ActiveCfg = Debug|Any CPU
		{269F438E-3EEC-4442-AC8F-C6FB3A40144C}.Debug|Any CPU.Build.0 = Debug|Any CPU
		{269F438E-3EEC-4442-AC8F-C6FB3A40144C}.Release|Any CPU.ActiveCfg = Release|Any CPU
		{269F438E-3EEC-4442-AC8F-C6FB3A40144C}.Release|Any CPU.Build.0 = Release|Any CPU
		{E3A3F5A1-EF0D-41E0-868A-EA9636972E00}.Debug|Any CPU.ActiveCfg = Debug|Any CPU
		{E3A3F5A1-EF0D-41E0-868A-EA9636972E00}.Debug|Any CPU.Build.0 = Debug|Any CPU
		{E3A3F5A1-EF0D-41E0-868A-EA9636972E00}.Release|Any CPU.ActiveCfg = Release|Any CPU
		{E3A3F5A1-EF0D-41E0-868A-EA9636972E00}.Release|Any CPU.Build.0 = Release|Any CPU
	EndGlobalSection
	GlobalSection(SolutionProperties) = preSolution
		HideSolutionNode = FALSE
	EndGlobalSection
	GlobalSection(ExtensibilityGlobals) = postSolution
		SolutionGuid = {1AA90DA8-942B-4657-9A4F-A72C362AB059}
	EndGlobalSection
EndGlobal
